github.com/brianolson/cbor_go v1.0.0 h1:CurpJr4z5P94x/CtFgM9tf9QEEfUBJSRxR/4jbftw0E=
github.com/brianolson/cbor_go v1.0.0/go.mod h1:oGF4+yGIBUbkxYYGKSJRGIZ4Z91crezxGZAnnslEtT0=
github.com/hyperledger/sawtooth-sdk-go v0.1.1 h1:JWkSrKQ3hLg/C/NEab+nF1uRDQKgImSUcHxXlNBfPjg=
github.com/hyperledger/sawtooth-sdk-go v0.1.1/go.mod h1:TflUsC2KTduiDoQZMiNPEqZi4m0MK+f2FAdrk3yTNxA=
github.com/jessevdk/go-flags v1.4.0 h1:4IU2WS7AumrZ/40jfhf4QVDMsQwqA7VEHozFRrGARJA=
github.com/jessevdk/go-flags v1.4.0/go.mod h1:4FA24M0QyGHXBuZZK/XkWh8h0e1EYbRYJSGM75WSRxI=
golang.org/x/sys v0.0.0-20190415145633-3fd5a3612ccd h1:MNN7PRW7zYXd8upVO5qfKeOnQG74ivRNv7sz4k4cQMs=
golang.org/x/sys v0.0.0-20190415145633-3fd5a3612ccd/go.mod h1:h1NjWce9XRLGQEsW7wpKNCjG9DtNlClVuFLEZdDNbEs=
